// !$*UTF8*$!
{
	archiveVersion = 1;
	classes = {
	};
	objectVersion = 51;
	objects = {

/* Begin PBXBuildFile section */
		0F11117D24D097A200824518 /* OnboardingController.swift in Sources */ = {isa = PBXBuildFile; fileRef = 0F11117C24D097A200824518 /* OnboardingController.swift */; };
		0F11117F24D0A7A300824518 /* Constant.swift in Sources */ = {isa = PBXBuildFile; fileRef = 0F11117E24D0A7A300824518 /* Constant.swift */; };
		0F2A5AAE24CB4267002B4A14 /* RegistrationController.swift in Sources */ = {isa = PBXBuildFile; fileRef = 0F2A5AAD24CB4267002B4A14 /* RegistrationController.swift */; };
		0F2A5AB024CB471E002B4A14 /* ResetPasswordController.swift in Sources */ = {isa = PBXBuildFile; fileRef = 0F2A5AAF24CB471E002B4A14 /* ResetPasswordController.swift */; };
		0F47BA6824C8C91300B9905E /* AppDelegate.swift in Sources */ = {isa = PBXBuildFile; fileRef = 0F47BA6724C8C91300B9905E /* AppDelegate.swift */; };
		0F47BA6A24C8C91300B9905E /* SceneDelegate.swift in Sources */ = {isa = PBXBuildFile; fileRef = 0F47BA6924C8C91300B9905E /* SceneDelegate.swift */; };
		0F47BA6C24C8C91300B9905E /* ViewController.swift in Sources */ = {isa = PBXBuildFile; fileRef = 0F47BA6B24C8C91300B9905E /* ViewController.swift */; };
		0F47BA6F24C8C91300B9905E /* Main.storyboard in Resources */ = {isa = PBXBuildFile; fileRef = 0F47BA6D24C8C91300B9905E /* Main.storyboard */; };
		0F47BA7124C8C91400B9905E /* Assets.xcassets in Resources */ = {isa = PBXBuildFile; fileRef = 0F47BA7024C8C91400B9905E /* Assets.xcassets */; };
		0F47BA7424C8C91400B9905E /* LaunchScreen.storyboard in Resources */ = {isa = PBXBuildFile; fileRef = 0F47BA7224C8C91400B9905E /* LaunchScreen.storyboard */; };
		0F47BA8424C8CAB400B9905E /* LoginController.swift in Sources */ = {isa = PBXBuildFile; fileRef = 0F47BA8324C8CAB400B9905E /* LoginController.swift */; };
		0F47BA8624C8CCCB00B9905E /* Extension.swift in Sources */ = {isa = PBXBuildFile; fileRef = 0F47BA8524C8CCCB00B9905E /* Extension.swift */; };
		0F701CDD24CDDFA000D6A12F /* GoogleService-Info.plist in Resources */ = {isa = PBXBuildFile; fileRef = 0F701CDC24CDDFA000D6A12F /* GoogleService-Info.plist */; };
		0F701CDF24CDE78700D6A12F /* HomeController.swift in Sources */ = {isa = PBXBuildFile; fileRef = 0F701CDE24CDE78700D6A12F /* HomeController.swift */; };
		0F7FA98524CC8A9C00107A2B /* AuthenticationViewModel.swift in Sources */ = {isa = PBXBuildFile; fileRef = 0F7FA98424CC8A9C00107A2B /* AuthenticationViewModel.swift */; };
		0FCDCB6024CB26A900ECACD4 /* CustomTextField.swift in Sources */ = {isa = PBXBuildFile; fileRef = 0FCDCB5F24CB26A900ECACD4 /* CustomTextField.swift */; };
		0FCDCB6224CB298900ECACD4 /* AuthButton.swift in Sources */ = {isa = PBXBuildFile; fileRef = 0FCDCB6124CB298900ECACD4 /* AuthButton.swift */; };
		0FCDCB6424CB384A00ECACD4 /* DividerView.swift in Sources */ = {isa = PBXBuildFile; fileRef = 0FCDCB6324CB384A00ECACD4 /* DividerView.swift */; };
		0FE70A9D24CF36CE009FFF3F /* Service.swift in Sources */ = {isa = PBXBuildFile; fileRef = 0FE70A9C24CF36CE009FFF3F /* Service.swift */; };
		6B50C67DAA6898D88E8F4CD4 /* Pods_LoginWithFirebase.framework in Frameworks */ = {isa = PBXBuildFile; fileRef = 2EAEF1E381A899AF7D9261D7 /* Pods_LoginWithFirebase.framework */; };
/* End PBXBuildFile section */

/* Begin PBXFileReference section */
		0F11117C24D097A200824518 /* OnboardingController.swift */ = {isa = PBXFileReference; lastKnownFileType = sourcecode.swift; path = OnboardingController.swift; sourceTree = "<group>"; };
		0F11117E24D0A7A300824518 /* Constant.swift */ = {isa = PBXFileReference; lastKnownFileType = sourcecode.swift; path = Constant.swift; sourceTree = "<group>"; };
		0F2A5AAD24CB4267002B4A14 /* RegistrationController.swift */ = {isa = PBXFileReference; lastKnownFileType = sourcecode.swift; path = RegistrationController.swift; sourceTree = "<group>"; };
		0F2A5AAF24CB471E002B4A14 /* ResetPasswordController.swift */ = {isa = PBXFileReference; lastKnownFileType = sourcecode.swift; path = ResetPasswordController.swift; sourceTree = "<group>"; };
		0F47BA6424C8C91300B9905E /* LoginWithFirebase.app */ = {isa = PBXFileReference; explicitFileType = wrapper.application; includeInIndex = 0; path = LoginWithFirebase.app; sourceTree = BUILT_PRODUCTS_DIR; };
		0F47BA6724C8C91300B9905E /* AppDelegate.swift */ = {isa = PBXFileReference; lastKnownFileType = sourcecode.swift; path = AppDelegate.swift; sourceTree = "<group>"; };
		0F47BA6924C8C91300B9905E /* SceneDelegate.swift */ = {isa = PBXFileReference; lastKnownFileType = sourcecode.swift; path = SceneDelegate.swift; sourceTree = "<group>"; };
		0F47BA6B24C8C91300B9905E /* ViewController.swift */ = {isa = PBXFileReference; lastKnownFileType = sourcecode.swift; path = ViewController.swift; sourceTree = "<group>"; };
		0F47BA6E24C8C91300B9905E /* Base */ = {isa = PBXFileReference; lastKnownFileType = file.storyboard; name = Base; path = Base.lproj/Main.storyboard; sourceTree = "<group>"; };
		0F47BA7024C8C91400B9905E /* Assets.xcassets */ = {isa = PBXFileReference; lastKnownFileType = folder.assetcatalog; path = Assets.xcassets; sourceTree = "<group>"; };
		0F47BA7324C8C91400B9905E /* Base */ = {isa = PBXFileReference; lastKnownFileType = file.storyboard; name = Base; path = Base.lproj/LaunchScreen.storyboard; sourceTree = "<group>"; };
		0F47BA7524C8C91400B9905E /* Info.plist */ = {isa = PBXFileReference; lastKnownFileType = text.plist.xml; path = Info.plist; sourceTree = "<group>"; };
		0F47BA8324C8CAB400B9905E /* LoginController.swift */ = {isa = PBXFileReference; lastKnownFileType = sourcecode.swift; path = LoginController.swift; sourceTree = "<group>"; };
		0F47BA8524C8CCCB00B9905E /* Extension.swift */ = {isa = PBXFileReference; lastKnownFileType = sourcecode.swift; path = Extension.swift; sourceTree = "<group>"; };
		0F701CDC24CDDFA000D6A12F /* GoogleService-Info.plist */ = {isa = PBXFileReference; lastKnownFileType = text.plist; path = "GoogleService-Info.plist"; sourceTree = SOURCE_ROOT; };
		0F701CDE24CDE78700D6A12F /* HomeController.swift */ = {isa = PBXFileReference; lastKnownFileType = sourcecode.swift; path = HomeController.swift; sourceTree = "<group>"; };
		0F7FA98424CC8A9C00107A2B /* AuthenticationViewModel.swift */ = {isa = PBXFileReference; lastKnownFileType = sourcecode.swift; path = AuthenticationViewModel.swift; sourceTree = "<group>"; };
		0FCDCB5F24CB26A900ECACD4 /* CustomTextField.swift */ = {isa = PBXFileReference; lastKnownFileType = sourcecode.swift; path = CustomTextField.swift; sourceTree = "<group>"; };
		0FCDCB6124CB298900ECACD4 /* AuthButton.swift */ = {isa = PBXFileReference; lastKnownFileType = sourcecode.swift; path = AuthButton.swift; sourceTree = "<group>"; };
		0FCDCB6324CB384A00ECACD4 /* DividerView.swift */ = {isa = PBXFileReference; lastKnownFileType = sourcecode.swift; path = DividerView.swift; sourceTree = "<group>"; };
		0FE70A9C24CF36CE009FFF3F /* Service.swift */ = {isa = PBXFileReference; lastKnownFileType = sourcecode.swift; path = Service.swift; sourceTree = "<group>"; };
		2EAEF1E381A899AF7D9261D7 /* Pods_LoginWithFirebase.framework */ = {isa = PBXFileReference; explicitFileType = wrapper.framework; includeInIndex = 0; path = Pods_LoginWithFirebase.framework; sourceTree = BUILT_PRODUCTS_DIR; };
		3B8C4A1558548035CA7EA712 /* Pods-LoginWithFirebase.debug.xcconfig */ = {isa = PBXFileReference; includeInIndex = 1; lastKnownFileType = text.xcconfig; name = "Pods-LoginWithFirebase.debug.xcconfig"; path = "Target Support Files/Pods-LoginWithFirebase/Pods-LoginWithFirebase.debug.xcconfig"; sourceTree = "<group>"; };
		8FFF95EC50A66FA6F77C6E45 /* Pods-LoginWithFirebase.release.xcconfig */ = {isa = PBXFileReference; includeInIndex = 1; lastKnownFileType = text.xcconfig; name = "Pods-LoginWithFirebase.release.xcconfig"; path = "Target Support Files/Pods-LoginWithFirebase/Pods-LoginWithFirebase.release.xcconfig"; sourceTree = "<group>"; };
/* End PBXFileReference section */

/* Begin PBXFrameworksBuildPhase section */
		0F47BA6124C8C91300B9905E /* Frameworks */ = {
			isa = PBXFrameworksBuildPhase;
			buildActionMask = 2147483647;
			files = (
				6B50C67DAA6898D88E8F4CD4 /* Pods_LoginWithFirebase.framework in Frameworks */,
			);
			runOnlyForDeploymentPostprocessing = 0;
		};
/* End PBXFrameworksBuildPhase section */

/* Begin PBXGroup section */
		0F47BA5B24C8C91300B9905E = {
			isa = PBXGroup;
			children = (
				0F47BA6624C8C91300B9905E /* LoginWithFirebase */,
				0F47BA6524C8C91300B9905E /* Products */,
				52AA8C4DEE21717F5B4F9696 /* Pods */,
				B9F3FCF4ACFA806C0C6D768B /* Frameworks */,
			);
			sourceTree = "<group>";
		};
		0F47BA6524C8C91300B9905E /* Products */ = {
			isa = PBXGroup;
			children = (
				0F47BA6424C8C91300B9905E /* LoginWithFirebase.app */,
			);
			name = Products;
			sourceTree = "<group>";
		};
		0F47BA6624C8C91300B9905E /* LoginWithFirebase */ = {
			isa = PBXGroup;
			children = (
				0F47BA6724C8C91300B9905E /* AppDelegate.swift */,
				0F47BA6924C8C91300B9905E /* SceneDelegate.swift */,
				0F47BA8124C8CA6500B9905E /* Utils */,
				0F47BA8024C8CA5B00B9905E /* Model */,
				0F47BA7F24C8CA5700B9905E /* View */,
				0F47BA7E24C8CA5100B9905E /* ViewModel */,
				0F47BA7D24C8CA4C00B9905E /* Controller */,
				0F47BA8224C8CA7700B9905E /* API */,
				0F47BA6B24C8C91300B9905E /* ViewController.swift */,
				0F47BA6D24C8C91300B9905E /* Main.storyboard */,
				0F47BA7024C8C91400B9905E /* Assets.xcassets */,
				0F47BA7224C8C91400B9905E /* LaunchScreen.storyboard */,
				0F47BA7524C8C91400B9905E /* Info.plist */,
				0F701CDC24CDDFA000D6A12F /* GoogleService-Info.plist */,
			);
			path = LoginWithFirebase;
			sourceTree = "<group>";
		};
		0F47BA7D24C8CA4C00B9905E /* Controller */ = {
			isa = PBXGroup;
			children = (
				0F47BA8324C8CAB400B9905E /* LoginController.swift */,
				0F2A5AAD24CB4267002B4A14 /* RegistrationController.swift */,
				0F2A5AAF24CB471E002B4A14 /* ResetPasswordController.swift */,
				0F701CDE24CDE78700D6A12F /* HomeController.swift */,
				0F11117C24D097A200824518 /* OnboardingController.swift */,
			);
			path = Controller;
			sourceTree = "<group>";
		};
		0F47BA7E24C8CA5100B9905E /* ViewModel */ = {
			isa = PBXGroup;
			children = (
				0F7FA98424CC8A9C00107A2B /* AuthenticationViewModel.swift */,
			);
			path = ViewModel;
			sourceTree = "<group>";
		};
		0F47BA7F24C8CA5700B9905E /* View */ = {
			isa = PBXGroup;
			children = (
				0FCDCB5F24CB26A900ECACD4 /* CustomTextField.swift */,
				0FCDCB6124CB298900ECACD4 /* AuthButton.swift */,
				0FCDCB6324CB384A00ECACD4 /* DividerView.swift */,
			);
			path = View;
			sourceTree = "<group>";
		};
		0F47BA8024C8CA5B00B9905E /* Model */ = {
			isa = PBXGroup;
			children = (
			);
			path = Model;
			sourceTree = "<group>";
		};
		0F47BA8124C8CA6500B9905E /* Utils */ = {
			isa = PBXGroup;
			children = (
				0F47BA8524C8CCCB00B9905E /* Extension.swift */,
				0F11117E24D0A7A300824518 /* Constant.swift */,
			);
			path = Utils;
			sourceTree = "<group>";
		};
		0F47BA8224C8CA7700B9905E /* API */ = {
			isa = PBXGroup;
			children = (
				0FE70A9C24CF36CE009FFF3F /* Service.swift */,
			);
			path = API;
			sourceTree = "<group>";
		};
		52AA8C4DEE21717F5B4F9696 /* Pods */ = {
			isa = PBXGroup;
			children = (
				3B8C4A1558548035CA7EA712 /* Pods-LoginWithFirebase.debug.xcconfig */,
				8FFF95EC50A66FA6F77C6E45 /* Pods-LoginWithFirebase.release.xcconfig */,
			);
			path = Pods;
			sourceTree = "<group>";
		};
		B9F3FCF4ACFA806C0C6D768B /* Frameworks */ = {
			isa = PBXGroup;
			children = (
				2EAEF1E381A899AF7D9261D7 /* Pods_LoginWithFirebase.framework */,
			);
			name = Frameworks;
			sourceTree = "<group>";
		};
/* End PBXGroup section */

/* Begin PBXNativeTarget section */
		0F47BA6324C8C91300B9905E /* LoginWithFirebase */ = {
			isa = PBXNativeTarget;
			buildConfigurationList = 0F47BA7824C8C91400B9905E /* Build configuration list for PBXNativeTarget "LoginWithFirebase" */;
			buildPhases = (
				AA6EA223792C9EC1EAA55EDD /* [CP] Check Pods Manifest.lock */,
				0F47BA6024C8C91300B9905E /* Sources */,
				0F47BA6124C8C91300B9905E /* Frameworks */,
				0F47BA6224C8C91300B9905E /* Resources */,
				D6D4B803A0D5B34E0BCC7427 /* [CP] Embed Pods Frameworks */,
				0D6D7A24B67E029C80E17A78 /* [CP] Copy Pods Resources */,
			);
			buildRules = (
			);
			dependencies = (
			);
			name = LoginWithFirebase;
			productName = LoginWithFirebase;
			productReference = 0F47BA6424C8C91300B9905E /* LoginWithFirebase.app */;
			productType = "com.apple.product-type.application";
		};
/* End PBXNativeTarget section */

/* Begin PBXProject section */
		0F47BA5C24C8C91300B9905E /* Project object */ = {
			isa = PBXProject;
			attributes = {
				LastSwiftUpdateCheck = 1160;
				LastUpgradeCheck = 1160;
				ORGANIZATIONNAME = "Byoungil Youn";
				TargetAttributes = {
					0F47BA6324C8C91300B9905E = {
						CreatedOnToolsVersion = 11.6;
					};
				};
			};
			buildConfigurationList = 0F47BA5F24C8C91300B9905E /* Build configuration list for PBXProject "LoginWithFirebase" */;
			compatibilityVersion = "Xcode 9.3";
			developmentRegion = en;
			hasScannedForEncodings = 0;
			knownRegions = (
				en,
				Base,
			);
			mainGroup = 0F47BA5B24C8C91300B9905E;
			productRefGroup = 0F47BA6524C8C91300B9905E /* Products */;
			projectDirPath = "";
			projectRoot = "";
			targets = (
				0F47BA6324C8C91300B9905E /* LoginWithFirebase */,
			);
		};
/* End PBXProject section */

/* Begin PBXResourcesBuildPhase section */
		0F47BA6224C8C91300B9905E /* Resources */ = {
			isa = PBXResourcesBuildPhase;
			buildActionMask = 2147483647;
			files = (
				0F47BA7424C8C91400B9905E /* LaunchScreen.storyboard in Resources */,
				0F701CDD24CDDFA000D6A12F /* GoogleService-Info.plist in Resources */,
				0F47BA7124C8C91400B9905E /* Assets.xcassets in Resources */,
				0F47BA6F24C8C91300B9905E /* Main.storyboard in Resources */,
			);
			runOnlyForDeploymentPostprocessing = 0;
		};
/* End PBXResourcesBuildPhase section */

/* Begin PBXShellScriptBuildPhase section */
		0D6D7A24B67E029C80E17A78 /* [CP] Copy Pods Resources */ = {
			isa = PBXShellScriptBuildPhase;
			buildActionMask = 2147483647;
			files = (
			);
			inputFileListPaths = (
				"${PODS_ROOT}/Target Support Files/Pods-LoginWithFirebase/Pods-LoginWithFirebase-resources-${CONFIGURATION}-input-files.xcfilelist",
			);
			name = "[CP] Copy Pods Resources";
			outputFileListPaths = (
				"${PODS_ROOT}/Target Support Files/Pods-LoginWithFirebase/Pods-LoginWithFirebase-resources-${CONFIGURATION}-output-files.xcfilelist",
			);
			runOnlyForDeploymentPostprocessing = 0;
			shellPath = /bin/sh;
			shellScript = "\"${PODS_ROOT}/Target Support Files/Pods-LoginWithFirebase/Pods-LoginWithFirebase-resources.sh\"\n";
			showEnvVarsInLog = 0;
		};
		AA6EA223792C9EC1EAA55EDD /* [CP] Check Pods Manifest.lock */ = {
			isa = PBXShellScriptBuildPhase;
			buildActionMask = 2147483647;
			files = (
			);
			inputFileListPaths = (
			);
			inputPaths = (
				"${PODS_PODFILE_DIR_PATH}/Podfile.lock",
				"${PODS_ROOT}/Manifest.lock",
			);
			name = "[CP] Check Pods Manifest.lock";
			outputFileListPaths = (
			);
			outputPaths = (
				"$(DERIVED_FILE_DIR)/Pods-LoginWithFirebase-checkManifestLockResult.txt",
			);
			runOnlyForDeploymentPostprocessing = 0;
			shellPath = /bin/sh;
			shellScript = "diff \"${PODS_PODFILE_DIR_PATH}/Podfile.lock\" \"${PODS_ROOT}/Manifest.lock\" > /dev/null\nif [ $? != 0 ] ; then\n    # print error to STDERR\n    echo \"error: The sandbox is not in sync with the Podfile.lock. Run 'pod install' or update your CocoaPods installation.\" >&2\n    exit 1\nfi\n# This output is used by Xcode 'outputs' to avoid re-running this script phase.\necho \"SUCCESS\" > \"${SCRIPT_OUTPUT_FILE_0}\"\n";
			showEnvVarsInLog = 0;
		};
		D6D4B803A0D5B34E0BCC7427 /* [CP] Embed Pods Frameworks */ = {
			isa = PBXShellScriptBuildPhase;
			buildActionMask = 2147483647;
			files = (
			);
			inputFileListPaths = (
				"${PODS_ROOT}/Target Support Files/Pods-LoginWithFirebase/Pods-LoginWithFirebase-frameworks-${CONFIGURATION}-input-files.xcfilelist",
			);
			name = "[CP] Embed Pods Frameworks";
			outputFileListPaths = (
				"${PODS_ROOT}/Target Support Files/Pods-LoginWithFirebase/Pods-LoginWithFirebase-frameworks-${CONFIGURATION}-output-files.xcfilelist",
			);
			runOnlyForDeploymentPostprocessing = 0;
			shellPath = /bin/sh;
			shellScript = "\"${PODS_ROOT}/Target Support Files/Pods-LoginWithFirebase/Pods-LoginWithFirebase-frameworks.sh\"\n";
			showEnvVarsInLog = 0;
		};
/* End PBXShellScriptBuildPhase section */

/* Begin PBXSourcesBuildPhase section */
		0F47BA6024C8C91300B9905E /* Sources */ = {
			isa = PBXSourcesBuildPhase;
			buildActionMask = 2147483647;
			files = (
				0F47BA8624C8CCCB00B9905E /* Extension.swift in Sources */,
				0FE70A9D24CF36CE009FFF3F /* Service.swift in Sources */,
				0F11117F24D0A7A300824518 /* Constant.swift in Sources */,
				0F2A5AAE24CB4267002B4A14 /* RegistrationController.swift in Sources */,
				0FCDCB6224CB298900ECACD4 /* AuthButton.swift in Sources */,
				0F47BA6C24C8C91300B9905E /* ViewController.swift in Sources */,
				0F7FA98524CC8A9C00107A2B /* AuthenticationViewModel.swift in Sources */,
				0FCDCB6024CB26A900ECACD4 /* CustomTextField.swift in Sources */,
				0F47BA8424C8CAB400B9905E /* LoginController.swift in Sources */,
				0F47BA6824C8C91300B9905E /* AppDelegate.swift in Sources */,
				0F701CDF24CDE78700D6A12F /* HomeController.swift in Sources */,
				0F11117D24D097A200824518 /* OnboardingController.swift in Sources */,
				0FCDCB6424CB384A00ECACD4 /* DividerView.swift in Sources */,
				0F2A5AB024CB471E002B4A14 /* ResetPasswordController.swift in Sources */,
				0F47BA6A24C8C91300B9905E /* SceneDelegate.swift in Sources */,
			);
			runOnlyForDeploymentPostprocessing = 0;
		};
/* End PBXSourcesBuildPhase section */

/* Begin PBXVariantGroup section */
		0F47BA6D24C8C91300B9905E /* Main.storyboard */ = {
			isa = PBXVariantGroup;
			children = (
				0F47BA6E24C8C91300B9905E /* Base */,
			);
			name = Main.storyboard;
			sourceTree = "<group>";
		};
		0F47BA7224C8C91400B9905E /* LaunchScreen.storyboard */ = {
			isa = PBXVariantGroup;
			children = (
				0F47BA7324C8C91400B9905E /* Base */,
			);
			name = LaunchScreen.storyboard;
			sourceTree = "<group>";
		};
/* End PBXVariantGroup section */

/* Begin XCBuildConfiguration section */
		0F47BA7624C8C91400B9905E /* Debug */ = {
			isa = XCBuildConfiguration;
			buildSettings = {
				ALWAYS_SEARCH_USER_PATHS = NO;
				CLANG_ANALYZER_NONNULL = YES;
				CLANG_ANALYZER_NUMBER_OBJECT_CONVERSION = YES_AGGRESSIVE;
				CLANG_CXX_LANGUAGE_STANDARD = "gnu++14";
				CLANG_CXX_LIBRARY = "libc++";
				CLANG_ENABLE_MODULES = YES;
				CLANG_ENABLE_OBJC_ARC = YES;
				CLANG_ENABLE_OBJC_WEAK = YES;
				CLANG_WARN_BLOCK_CAPTURE_AUTORELEASING = YES;
				CLANG_WARN_BOOL_CONVERSION = YES;
				CLANG_WARN_COMMA = YES;
				CLANG_WARN_CONSTANT_CONVERSION = YES;
				CLANG_WARN_DEPRECATED_OBJC_IMPLEMENTATIONS = YES;
				CLANG_WARN_DIRECT_OBJC_ISA_USAGE = YES_ERROR;
				CLANG_WARN_DOCUMENTATION_COMMENTS = YES;
				CLANG_WARN_EMPTY_BODY = YES;
				CLANG_WARN_ENUM_CONVERSION = YES;
				CLANG_WARN_INFINITE_RECURSION = YES;
				CLANG_WARN_INT_CONVERSION = YES;
				CLANG_WARN_NON_LITERAL_NULL_CONVERSION = YES;
				CLANG_WARN_OBJC_IMPLICIT_RETAIN_SELF = YES;
				CLANG_WARN_OBJC_LITERAL_CONVERSION = YES;
				CLANG_WARN_OBJC_ROOT_CLASS = YES_ERROR;
				CLANG_WARN_RANGE_LOOP_ANALYSIS = YES;
				CLANG_WARN_STRICT_PROTOTYPES = YES;
				CLANG_WARN_SUSPICIOUS_MOVE = YES;
				CLANG_WARN_UNGUARDED_AVAILABILITY = YES_AGGRESSIVE;
				CLANG_WARN_UNREACHABLE_CODE = YES;
				CLANG_WARN__DUPLICATE_METHOD_MATCH = YES;
				COPY_PHASE_STRIP = NO;
				DEBUG_INFORMATION_FORMAT = dwarf;
				ENABLE_STRICT_OBJC_MSGSEND = YES;
				ENABLE_TESTABILITY = YES;
				GCC_C_LANGUAGE_STANDARD = gnu11;
				GCC_DYNAMIC_NO_PIC = NO;
				GCC_NO_COMMON_BLOCKS = YES;
				GCC_OPTIMIZATION_LEVEL = 0;
				GCC_PREPROCESSOR_DEFINITIONS = (
					"DEBUG=1",
					"$(inherited)",
				);
				GCC_WARN_64_TO_32_BIT_CONVERSION = YES;
				GCC_WARN_ABOUT_RETURN_TYPE = YES_ERROR;
				GCC_WARN_UNDECLARED_SELECTOR = YES;
				GCC_WARN_UNINITIALIZED_AUTOS = YES_AGGRESSIVE;
				GCC_WARN_UNUSED_FUNCTION = YES;
				GCC_WARN_UNUSED_VARIABLE = YES;
				IPHONEOS_DEPLOYMENT_TARGET = 13.6;
				MTL_ENABLE_DEBUG_INFO = INCLUDE_SOURCE;
				MTL_FAST_MATH = YES;
				ONLY_ACTIVE_ARCH = YES;
				SDKROOT = iphoneos;
				SWIFT_ACTIVE_COMPILATION_CONDITIONS = DEBUG;
				SWIFT_OPTIMIZATION_LEVEL = "-Onone";
			};
			name = Debug;
		};
		0F47BA7724C8C91400B9905E /* Release */ = {
			isa = XCBuildConfiguration;
			buildSettings = {
				ALWAYS_SEARCH_USER_PATHS = NO;
				CLANG_ANALYZER_NONNULL = YES;
				CLANG_ANALYZER_NUMBER_OBJECT_CONVERSION = YES_AGGRESSIVE;
				CLANG_CXX_LANGUAGE_STANDARD = "gnu++14";
				CLANG_CXX_LIBRARY = "libc++";
				CLANG_ENABLE_MODULES = YES;
				CLANG_ENABLE_OBJC_ARC = YES;
				CLANG_ENABLE_OBJC_WEAK = YES;
				CLANG_WARN_BLOCK_CAPTURE_AUTORELEASING = YES;
				CLANG_WARN_BOOL_CONVERSION = YES;
				CLANG_WARN_COMMA = YES;
				CLANG_WARN_CONSTANT_CONVERSION = YES;
				CLANG_WARN_DEPRECATED_OBJC_IMPLEMENTATIONS = YES;
				CLANG_WARN_DIRECT_OBJC_ISA_USAGE = YES_ERROR;
				CLANG_WARN_DOCUMENTATION_COMMENTS = YES;
				CLANG_WARN_EMPTY_BODY = YES;
				CLANG_WARN_ENUM_CONVERSION = YES;
				CLANG_WARN_INFINITE_RECURSION = YES;
				CLANG_WARN_INT_CONVERSION = YES;
				CLANG_WARN_NON_LITERAL_NULL_CONVERSION = YES;
				CLANG_WARN_OBJC_IMPLICIT_RETAIN_SELF = YES;
				CLANG_WARN_OBJC_LITERAL_CONVERSION = YES;
				CLANG_WARN_OBJC_ROOT_CLASS = YES_ERROR;
				CLANG_WARN_RANGE_LOOP_ANALYSIS = YES;
				CLANG_WARN_STRICT_PROTOTYPES = YES;
				CLANG_WARN_SUSPICIOUS_MOVE = YES;
				CLANG_WARN_UNGUARDED_AVAILABILITY = YES_AGGRESSIVE;
				CLANG_WARN_UNREACHABLE_CODE = YES;
				CLANG_WARN__DUPLICATE_METHOD_MATCH = YES;
				COPY_PHASE_STRIP = NO;
				DEBUG_INFORMATION_FORMAT = "dwarf-with-dsym";
				ENABLE_NS_ASSERTIONS = NO;
				ENABLE_STRICT_OBJC_MSGSEND = YES;
				GCC_C_LANGUAGE_STANDARD = gnu11;
				GCC_NO_COMMON_BLOCKS = YES;
				GCC_WARN_64_TO_32_BIT_CONVERSION = YES;
				GCC_WARN_ABOUT_RETURN_TYPE = YES_ERROR;
				GCC_WARN_UNDECLARED_SELECTOR = YES;
				GCC_WARN_UNINITIALIZED_AUTOS = YES_AGGRESSIVE;
				GCC_WARN_UNUSED_FUNCTION = YES;
				GCC_WARN_UNUSED_VARIABLE = YES;
				IPHONEOS_DEPLOYMENT_TARGET = 13.6;
				MTL_ENABLE_DEBUG_INFO = NO;
				MTL_FAST_MATH = YES;
				SDKROOT = iphoneos;
				SWIFT_COMPILATION_MODE = wholemodule;
				SWIFT_OPTIMIZATION_LEVEL = "-O";
				VALIDATE_PRODUCT = YES;
			};
			name = Release;
		};
		0F47BA7924C8C91400B9905E /* Debug */ = {
			isa = XCBuildConfiguration;
			baseConfigurationReference = 3B8C4A1558548035CA7EA712 /* Pods-LoginWithFirebase.debug.xcconfig */;
			buildSettings = {
				ASSETCATALOG_COMPILER_APPICON_NAME = AppIcon;
				CODE_SIGN_STYLE = Automatic;
				DEVELOPMENT_TEAM = J7MH5N2BKX;
				INFOPLIST_FILE = LoginWithFirebase/Info.plist;
				LD_RUNPATH_SEARCH_PATHS = (
					"$(inherited)",
					"@executable_path/Frameworks",
				);
				PRODUCT_BUNDLE_IDENTIFIER = com.byoungil.youn.LoginWithFirebase;
				PRODUCT_NAME = "$(TARGET_NAME)";
				SWIFT_VERSION = 5.0;
				TARGETED_DEVICE_FAMILY = "1,2";
			};
			name = Debug;
		};
		0F47BA7A24C8C91400B9905E /* Release */ = {
			isa = XCBuildConfiguration;
			baseConfigurationReference = 8FFF95EC50A66FA6F77C6E45 /* Pods-LoginWithFirebase.release.xcconfig */;
			buildSettings = {
				ASSETCATALOG_COMPILER_APPICON_NAME = AppIcon;
				CODE_SIGN_STYLE = Automatic;
				DEVELOPMENT_TEAM = J7MH5N2BKX;
				INFOPLIST_FILE = LoginWithFirebase/Info.plist;
				LD_RUNPATH_SEARCH_PATHS = (
					"$(inherited)",
					"@executable_path/Frameworks",
				);
				PRODUCT_BUNDLE_IDENTIFIER = com.byoungil.youn.LoginWithFirebase;
				PRODUCT_NAME = "$(TARGET_NAME)";
				SWIFT_VERSION = 5.0;
				TARGETED_DEVICE_FAMILY = "1,2";
			};
			name = Release;
		};
/* End XCBuildConfiguration section */

/* Begin XCConfigurationList section */
		0F47BA5F24C8C91300B9905E /* Build configuration list for PBXProject "LoginWithFirebase" */ = {
			isa = XCConfigurationList;
			buildConfigurations = (
				0F47BA7624C8C91400B9905E /* Debug */,
				0F47BA7724C8C91400B9905E /* Release */,
			);
			defaultConfigurationIsVisible = 0;
			defaultConfigurationName = Release;
		};
		0F47BA7824C8C91400B9905E /* Build configuration list for PBXNativeTarget "LoginWithFirebase" */ = {
			isa = XCConfigurationList;
			buildConfigurations = (
				0F47BA7924C8C91400B9905E /* Debug */,
				0F47BA7A24C8C91400B9905E /* Release */,
			);
			defaultConfigurationIsVisible = 0;
			defaultConfigurationName = Release;
		};
/* End XCConfigurationList section */
	};
	rootObject = 0F47BA5C24C8C91300B9905E /* Project object */;
}
